github.com/safchain/ethtool v0.3.0 h1:gimQJpsI6sc1yIqP/y8GYgiXn/NjgvpM0RNoWLVVmP0=
github.com/safchain/ethtool v0.3.0/go.mod h1:SA9BwrgyAqNo7M+uaL6IYbxpm5wk3L7Mm6ocLW+CJUs=
golang.org/x/sys v0.6.0 h1:MVltZSvRTcU2ljQOhs94SXPftV6DCNnZViHeQps87pQ=
golang.org/x/sys v0.6.0/go.mod h1:oPkhp1MJrh7nUepCBck5+mAzfO9JrbApNNgaTdGDITg=
